
Microsoft Visual Studio Solution File, Format Version 12.00
# Visual Studio Version 17
VisualStudioVersion = 17.7.34031.279
MinimumVisualStudioVersion = 10.0.40219.1
Project("{9A19103F-16F7-4668-BE54-9A1E7A4F7556}") = "Engineering Data Analysis Calculator", "Engineering Data Analysis Calculator.csproj", "{4C6537D1-CEEA-4BF5-8C1A-ACBACC98AB4D}"
EndProject
Project("{2150E333-8FDC-42A3-9474-1A3956D46DE8}") = "Solution Items", "Solution Items", "{E2D88805-F511-4CEE-8970-4FB8ED50A623}"
	ProjectSection(SolutionItems) = preProject
		DataSets.cs = DataSets.cs
	EndProjectSection
EndProject
Global
	GlobalSection(SolutionConfigurationPlatforms) = preSolution
		Debug|Any CPU = Debug|Any CPU
		Release|Any CPU = Release|Any CPU
	EndGlobalSection
	GlobalSection(ProjectConfigurationPlatforms) = postSolution
		{4C6537D1-CEEA-4BF5-8C1A-ACBACC98AB4D}.Debug|Any CPU.ActiveCfg = Debug|Any CPU
		{4C6537D1-CEEA-4BF5-8C1A-ACBACC98AB4D}.Debug|Any CPU.Build.0 = Debug|Any CPU
		{4C6537D1-CEEA-4BF5-8C1A-ACBACC98AB4D}.Release|Any CPU.ActiveCfg = Release|Any CPU
		{4C6537D1-CEEA-4BF5-8C1A-ACBACC98AB4D}.Release|Any CPU.Build.0 = Release|Any CPU
	EndGlobalSection
	GlobalSection(SolutionProperties) = preSolution
		HideSolutionNode = FALSE
	EndGlobalSection
	GlobalSection(ExtensibilityGlobals) = postSolution
		SolutionGuid = {03551DD8-3ABF-4D1E-9C8C-B2F2DEC120B2}
	EndGlobalSection
EndGlobal
